Microsoft Visual Studio Solution File, Format Version 12.00
# Visual Studio Version 17
VisualStudioVersion = 17.5.2.0
MinimumVisualStudioVersion = 10.0.40219.1
Project("{2150E333-8FDC-42A3-9474-1A3956D46DE8}") = "Spc.Api", "Spc.Api", "{DB6735CA-2026-1CB5-F610-8DD485A5F86F}"
EndProject
Project("{FAE04EC0-301F-11D3-BF4B-00C04F79EFBC}") = "Spc.Api", "Spc.Api\Spc.Api\Spc.Api.csproj", "{1C394CD9-FCF5-5C87-7F0F-88BFD517F90A}"
EndProject
Global
	GlobalSection(SolutionConfigurationPlatforms) = preSolution
		Debug|Any CPU = Debug|Any CPU
		Release|Any CPU = Release|Any CPU
	EndGlobalSection
	GlobalSection(ProjectConfigurationPlatforms) = postSolution
		{1C394CD9-FCF5-5C87-7F0F-88BFD517F90A}.Debug|Any CPU.ActiveCfg = Debug|Any CPU
		{1C394CD9-FCF5-5C87-7F0F-88BFD517F90A}.Debug|Any CPU.Build.0 = Debug|Any CPU
		{1C394CD9-FCF5-5C87-7F0F-88BFD517F90A}.Release|Any CPU.ActiveCfg = Release|Any CPU
		{1C394CD9-FCF5-5C87-7F0F-88BFD517F90A}.Release|Any CPU.Build.0 = Release|Any CPU
	EndGlobalSection
	GlobalSection(SolutionProperties) = preSolution
		HideSolutionNode = FALSE
	EndGlobalSection
	GlobalSection(NestedProjects) = preSolution
		{1C394CD9-FCF5-5C87-7F0F-88BFD517F90A} = {DB6735CA-2026-1CB5-F610-8DD485A5F86F}
	EndGlobalSection
	GlobalSection(ExtensibilityGlobals) = postSolution
		SolutionGuid = {3A5DB1B8-34A5-4EFA-A2B5-E3AD3549E72D}
	EndGlobalSection
EndGlobal
